{
  "version": 4,
  "terraform_version": "1.14.7",
  "serial": 25,
  "lineage": "7694f35b-f7b6-bcab-a9f9-e3e33f163fcb",
  "outputs": {
    "nuic_ka_parent_op": {
      "value": {
        "nic1": "/subscriptions/ba256abb-cf64-41d5-99f2-6c1d2b097fa9/resourceGroups/rg1/providers/Microsoft.Network/networkInterfaces/nic1",
        "nic2": "/subscriptions/ba256abb-cf64-41d5-99f2-6c1d2b097fa9/resourceGroups/rg1/providers/Microsoft.Network/networkInterfaces/nic2"
      },
      "type": [
        "object",
        {
          "nic1": "string",
          "nic2": "string"
        }
      ]
    },
    "pip_ka_parent_op": {
      "value": {
        "pip1": "/subscriptions/ba256abb-cf64-41d5-99f2-6c1d2b097fa9/resourceGroups/rg1/providers/Microsoft.Network/publicIPAddresses/pip1"
      },
      "type": [
        "object",
        {
          "pip1": "string"
        }
      ]
    },
    "subnet_bastion": {
      "value": {
        "subnet1": "/subscriptions/ba256abb-cf64-41d5-99f2-6c1d2b097fa9/resourceGroups/rg1/providers/Microsoft.Network/virtualNetworks/vnet1/subnets/subnet-front",
        "subnet2": "/subscriptions/ba256abb-cf64-41d5-99f2-6c1d2b097fa9/resourceGroups/rg1/providers/Microsoft.Network/virtualNetworks/vnet1/subnets/subnet-back",
        "subnet3": "/subscriptions/ba256abb-cf64-41d5-99f2-6c1d2b097fa9/resourceGroups/rg1/providers/Microsoft.Network/virtualNetworks/vnet1/subnets/AzureBastionSubnet"
      },
      "type": [
        "object",
        {
          "subnet1": "string",
          "subnet2": "string",
          "subnet3": "string"
        }
      ]
    }
  },
  "resources": [
    {
      "module": "module.bastion",
      "mode": "managed",
      "type": "azurerm_bastion_host",
      "name": "bastion",
      "provider": "provider[\"registry.terraform.io/hashicorp/azurerm\"]",
      "instances": [
        {
          "index_key": "bastion1",
          "schema_version": 0,
          "attributes": {
            "copy_paste_enabled": true,
            "dns_name": "bst-e34acec1-add9-46a2-8df8-66ae7476457f.bastion.azure.com",
            "file_copy_enabled": false,
            "id": "/subscriptions/ba256abb-cf64-41d5-99f2-6c1d2b097fa9/resourceGroups/rg1/providers/Microsoft.Network/bastionHosts/bastion_vnet1",
            "ip_configuration": [
              {
                "name": "bastionipconfig",
                "public_ip_address_id": "/subscriptions/ba256abb-cf64-41d5-99f2-6c1d2b097fa9/resourceGroups/rg1/providers/Microsoft.Network/publicIPAddresses/pip1",
                "subnet_id": "/subscriptions/ba256abb-cf64-41d5-99f2-6c1d2b097fa9/resourceGroups/rg1/providers/Microsoft.Network/virtualNetworks/vnet1/subnets/AzureBastionSubnet"
              }
            ],
            "ip_connect_enabled": false,
            "kerberos_enabled": false,
            "location": "centralindia",
            "name": "bastion_vnet1",
            "private_only_enabled": false,
            "resource_group_name": "rg1",
            "scale_units": 2,
            "session_recording_enabled": false,
            "shareable_link_enabled": false,
            "sku": "Basic",
            "tags": null,
            "timeouts": null,
            "tunneling_enabled": false,
            "virtual_network_id": "",
            "zones": null
          },
          "sensitive_attributes": [],
          "identity_schema_version": 0,
          "identity": {
            "name": "bastion_vnet1",
            "resource_group_name": "rg1",
            "subscription_id": "ba256abb-cf64-41d5-99f2-6c1d2b097fa9"
          },
          "private": "eyJlMmJmYjczMC1lY2FhLTExZTYtOGY4OC0zNDM2M2JjN2M0YzAiOnsiY3JlYXRlIjoxODAwMDAwMDAwMDAwLCJkZWxldGUiOjE4MDAwMDAwMDAwMDAsInJlYWQiOjMwMDAwMDAwMDAwMCwidXBkYXRlIjoxODAwMDAwMDAwMDAwfX0=",
          "dependencies": [
            "module.nic.azurerm_network_interface.nic",
            "module.nic.data.azurerm_subnet.subntedata",
            "module.pip.azurerm_public_ip.pip",
            "module.rg.azurerm_resource_group.rg",
            "module.subnet.azurerm_subnet.subnet",
            "module.vnet.azurerm_virtual_network.vnet"
          ]
        }
      ]
    },
    {
      "module": "module.nic",
      "mode": "data",
      "type": "azurerm_public_ip",
      "name": "pipdata",
      "provider": "provider[\"registry.terraform.io/hashicorp/azurerm\"]",
      "instances": []
    },
    {
      "module": "module.nic",
      "mode": "data",
      "type": "azurerm_subnet",
      "name": "subntedata",
      "provider": "provider[\"registry.terraform.io/hashicorp/azurerm\"]",
      "instances": [
        {
          "index_key": "nic1",
          "schema_version": 0,
          "attributes": {
            "address_prefix": "",
            "address_prefixes": [
              "10.0.3.0/24"
            ],
            "default_outbound_access_enabled": true,
            "id": "/subscriptions/ba256abb-cf64-41d5-99f2-6c1d2b097fa9/resourceGroups/rg1/providers/Microsoft.Network/virtualNetworks/vnet1/subnets/subnet-front",
            "name": "subnet-front",
            "network_security_group_id": "",
            "private_endpoint_network_policies": "Disabled",
            "private_link_service_network_policies_enabled": true,
            "resource_group_name": "rg1",
            "route_table_id": "",
            "service_endpoint": [],
            "timeouts": null,
            "virtual_network_name": "vnet1"
          },
          "sensitive_attributes": [],
          "identity_schema_version": 0
        },
        {
          "index_key": "nic2",
          "schema_version": 0,
          "attributes": {
            "address_prefix": "",
            "address_prefixes": [
              "10.0.4.0/24"
            ],
            "default_outbound_access_enabled": true,
            "id": "/subscriptions/ba256abb-cf64-41d5-99f2-6c1d2b097fa9/resourceGroups/rg1/providers/Microsoft.Network/virtualNetworks/vnet1/subnets/subnet-back",
            "name": "subnet-back",
            "network_security_group_id": "",
            "private_endpoint_network_policies": "Disabled",
            "private_link_service_network_policies_enabled": true,
            "resource_group_name": "rg1",
            "route_table_id": "",
            "service_endpoint": [],
            "timeouts": null,
            "virtual_network_name": "vnet1"
          },
          "sensitive_attributes": [],
          "identity_schema_version": 0
        }
      ]
    },
    {
      "module": "module.nic",
      "mode": "managed",
      "type": "azurerm_network_interface",
      "name": "nic",
      "provider": "provider[\"registry.terraform.io/hashicorp/azurerm\"]",
      "instances": [
        {
          "index_key": "nic1",
          "schema_version": 0,
          "attributes": {
            "accelerated_networking_enabled": false,
            "applied_dns_servers": [],
            "auxiliary_mode": "",
            "auxiliary_sku": "",
            "dns_servers": null,
            "edge_zone": "",
            "id": "/subscriptions/ba256abb-cf64-41d5-99f2-6c1d2b097fa9/resourceGroups/rg1/providers/Microsoft.Network/networkInterfaces/nic1",
            "internal_dns_name_label": "",
            "internal_domain_name_suffix": "r2feq131jdretetnljpzimqcjc.rx.internal.cloudapp.net",
            "ip_configuration": [
              {
                "gateway_load_balancer_frontend_ip_configuration_id": "",
                "name": "pipipconfig1",
                "primary": true,
                "private_ip_address": "10.0.3.4",
                "private_ip_address_allocation": "Dynamic",
                "private_ip_address_version": "IPv4",
                "public_ip_address_id": "",
                "subnet_id": "/subscriptions/ba256abb-cf64-41d5-99f2-6c1d2b097fa9/resourceGroups/rg1/providers/Microsoft.Network/virtualNetworks/vnet1/subnets/subnet-front"
              }
            ],
            "ip_forwarding_enabled": false,
            "location": "centralindia",
            "mac_address": "",
            "name": "nic1",
            "private_ip_address": "10.0.3.4",
            "private_ip_addresses": [
              "10.0.3.4"
            ],
            "resource_group_name": "rg1",
            "tags": null,
            "timeouts": null,
            "virtual_machine_id": ""
          },
          "sensitive_attributes": [],
          "identity_schema_version": 0,
          "identity": {
            "name": "nic1",
            "resource_group_name": "rg1",
            "subscription_id": "ba256abb-cf64-41d5-99f2-6c1d2b097fa9"
          },
          "private": "eyJlMmJmYjczMC1lY2FhLTExZTYtOGY4OC0zNDM2M2JjN2M0YzAiOnsiY3JlYXRlIjoxODAwMDAwMDAwMDAwLCJkZWxldGUiOjE4MDAwMDAwMDAwMDAsInJlYWQiOjMwMDAwMDAwMDAwMCwidXBkYXRlIjoxODAwMDAwMDAwMDAwfX0=",
          "dependencies": [
            "module.nic.data.azurerm_subnet.subntedata",
            "module.pip.azurerm_public_ip.pip",
            "module.rg.azurerm_resource_group.rg",
            "module.subnet.azurerm_subnet.subnet",
            "module.vnet.azurerm_virtual_network.vnet"
          ]
        },
        {
          "index_key": "nic2",
          "schema_version": 0,
          "attributes": {
            "accelerated_networking_enabled": false,
            "applied_dns_servers": [],
            "auxiliary_mode": "",
            "auxiliary_sku": "",
            "dns_servers": null,
            "edge_zone": "",
            "id": "/subscriptions/ba256abb-cf64-41d5-99f2-6c1d2b097fa9/resourceGroups/rg1/providers/Microsoft.Network/networkInterfaces/nic2",
            "internal_dns_name_label": "",
            "internal_domain_name_suffix": "r2feq131jdretetnljpzimqcjc.rx.internal.cloudapp.net",
            "ip_configuration": [
              {
                "gateway_load_balancer_frontend_ip_configuration_id": "",
                "name": "pipipconfig2",
                "primary": true,
                "private_ip_address": "10.0.4.4",
                "private_ip_address_allocation": "Dynamic",
                "private_ip_address_version": "IPv4",
                "public_ip_address_id": "",
                "subnet_id": "/subscriptions/ba256abb-cf64-41d5-99f2-6c1d2b097fa9/resourceGroups/rg1/providers/Microsoft.Network/virtualNetworks/vnet1/subnets/subnet-back"
              }
            ],
            "ip_forwarding_enabled": false,
            "location": "centralindia",
            "mac_address": "",
            "name": "nic2",
            "private_ip_address": "10.0.4.4",
            "private_ip_addresses": [
              "10.0.4.4"
            ],
            "resource_group_name": "rg1",
            "tags": null,
            "timeouts": null,
            "virtual_machine_id": ""
          },
          "sensitive_attributes": [],
          "identity_schema_version": 0,
          "identity": {
            "name": "nic2",
            "resource_group_name": "rg1",
            "subscription_id": "ba256abb-cf64-41d5-99f2-6c1d2b097fa9"
          },
          "private": "eyJlMmJmYjczMC1lY2FhLTExZTYtOGY4OC0zNDM2M2JjN2M0YzAiOnsiY3JlYXRlIjoxODAwMDAwMDAwMDAwLCJkZWxldGUiOjE4MDAwMDAwMDAwMDAsInJlYWQiOjMwMDAwMDAwMDAwMCwidXBkYXRlIjoxODAwMDAwMDAwMDAwfX0=",
          "dependencies": [
            "module.nic.data.azurerm_subnet.subntedata",
            "module.pip.azurerm_public_ip.pip",
            "module.rg.azurerm_resource_group.rg",
            "module.subnet.azurerm_subnet.subnet",
            "module.vnet.azurerm_virtual_network.vnet"
          ]
        }
      ]
    },
    {
      "module": "module.pip",
      "mode": "managed",
      "type": "azurerm_public_ip",
      "name": "pip",
      "provider": "provider[\"registry.terraform.io/hashicorp/azurerm\"]",
      "instances": [
        {
          "index_key": "pip1",
          "schema_version": 0,
          "attributes": {
            "allocation_method": "Static",
            "ddos_protection_mode": "VirtualNetworkInherited",
            "ddos_protection_plan_id": null,
            "domain_name_label": "",
            "domain_name_label_scope": "",
            "edge_zone": "",
            "fqdn": "",
            "id": "/subscriptions/ba256abb-cf64-41d5-99f2-6c1d2b097fa9/resourceGroups/rg1/providers/Microsoft.Network/publicIPAddresses/pip1",
            "idle_timeout_in_minutes": 4,
            "ip_address": "4.224.87.34",
            "ip_tags": {},
            "ip_version": "IPv4",
            "location": "centralindia",
            "name": "pip1",
            "public_ip_prefix_id": null,
            "resource_group_name": "rg1",
            "reverse_fqdn": "",
            "sku": "Standard",
            "sku_tier": "Regional",
            "tags": {
              "environment": "Production"
            },
            "timeouts": null,
            "zones": []
          },
          "sensitive_attributes": [],
          "identity_schema_version": 0,
          "identity": {
            "name": "pip1",
            "resource_group_name": "rg1",
            "subscription_id": "ba256abb-cf64-41d5-99f2-6c1d2b097fa9"
          },
          "private": "eyJlMmJmYjczMC1lY2FhLTExZTYtOGY4OC0zNDM2M2JjN2M0YzAiOnsiY3JlYXRlIjoxODAwMDAwMDAwMDAwLCJkZWxldGUiOjE4MDAwMDAwMDAwMDAsInJlYWQiOjMwMDAwMDAwMDAwMCwidXBkYXRlIjoxODAwMDAwMDAwMDAwfX0=",
          "dependencies": [
            "module.rg.azurerm_resource_group.rg"
          ]
        }
      ]
    },
    {
      "module": "module.rg",
      "mode": "managed",
      "type": "azurerm_resource_group",
      "name": "rg",
      "provider": "provider[\"registry.terraform.io/hashicorp/azurerm\"]",
      "instances": [
        {
          "index_key": "rg1",
          "schema_version": 0,
          "attributes": {
            "id": "/subscriptions/ba256abb-cf64-41d5-99f2-6c1d2b097fa9/resourceGroups/rg1",
            "location": "centralindia",
            "managed_by": "",
            "name": "rg1",
            "tags": {},
            "timeouts": null
          },
          "sensitive_attributes": [],
          "identity_schema_version": 0,
          "identity": {
            "name": "rg1",
            "subscription_id": "ba256abb-cf64-41d5-99f2-6c1d2b097fa9"
          },
          "private": "eyJlMmJmYjczMC1lY2FhLTExZTYtOGY4OC0zNDM2M2JjN2M0YzAiOnsiY3JlYXRlIjo1NDAwMDAwMDAwMDAwLCJkZWxldGUiOjU0MDAwMDAwMDAwMDAsInJlYWQiOjMwMDAwMDAwMDAwMCwidXBkYXRlIjo1NDAwMDAwMDAwMDAwfX0="
        }
      ]
    },
    {
      "module": "module.subnet",
      "mode": "managed",
      "type": "azurerm_subnet",
      "name": "subnet",
      "provider": "provider[\"registry.terraform.io/hashicorp/azurerm\"]",
      "instances": [
        {
          "index_key": "subnet1",
          "schema_version": 0,
          "attributes": {
            "address_prefixes": [
              "10.0.3.0/24"
            ],
            "default_outbound_access_enabled": true,
            "delegation": [],
            "id": "/subscriptions/ba256abb-cf64-41d5-99f2-6c1d2b097fa9/resourceGroups/rg1/providers/Microsoft.Network/virtualNetworks/vnet1/subnets/subnet-front",
            "ip_address_pool": [],
            "name": "subnet-front",
            "network_security_group_id": "",
            "network_security_group_id_wo": null,
            "network_security_group_id_wo_version": 0,
            "private_endpoint_network_policies": "Disabled",
            "private_link_service_network_policies_enabled": true,
            "resource_group_name": "rg1",
            "route_table_id": "",
            "route_table_id_wo": null,
            "route_table_id_wo_version": 0,
            "service_endpoint": [],
            "service_endpoint_policy_ids": [],
            "sharing_scope": "",
            "timeouts": null,
            "virtual_network_name": "vnet1"
          },
          "sensitive_attributes": [],
          "identity_schema_version": 0,
          "identity": {
            "name": "subnet-front",
            "resource_group_name": "rg1",
            "subscription_id": "ba256abb-cf64-41d5-99f2-6c1d2b097fa9",
            "virtual_network_name": "vnet1"
          },
          "private": "eyJlMmJmYjczMC1lY2FhLTExZTYtOGY4OC0zNDM2M2JjN2M0YzAiOnsiY3JlYXRlIjoxODAwMDAwMDAwMDAwLCJkZWxldGUiOjE4MDAwMDAwMDAwMDAsInJlYWQiOjMwMDAwMDAwMDAwMCwidXBkYXRlIjoxODAwMDAwMDAwMDAwfX0=",
          "dependencies": [
            "module.rg.azurerm_resource_group.rg",
            "module.vnet.azurerm_virtual_network.vnet"
          ]
        },
        {
          "index_key": "subnet2",
          "schema_version": 0,
          "attributes": {
            "address_prefixes": [
              "10.0.4.0/24"
            ],
            "default_outbound_access_enabled": true,
            "delegation": [],
            "id": "/subscriptions/ba256abb-cf64-41d5-99f2-6c1d2b097fa9/resourceGroups/rg1/providers/Microsoft.Network/virtualNetworks/vnet1/subnets/subnet-back",
            "ip_address_pool": [],
            "name": "subnet-back",
            "network_security_group_id": "",
            "network_security_group_id_wo": null,
            "network_security_group_id_wo_version": 0,
            "private_endpoint_network_policies": "Disabled",
            "private_link_service_network_policies_enabled": true,
            "resource_group_name": "rg1",
            "route_table_id": "",
            "route_table_id_wo": null,
            "route_table_id_wo_version": 0,
            "service_endpoint": [],
            "service_endpoint_policy_ids": [],
            "sharing_scope": "",
            "timeouts": null,
            "virtual_network_name": "vnet1"
          },
          "sensitive_attributes": [],
          "identity_schema_version": 0,
          "identity": {
            "name": "subnet-back",
            "resource_group_name": "rg1",
            "subscription_id": "ba256abb-cf64-41d5-99f2-6c1d2b097fa9",
            "virtual_network_name": "vnet1"
          },
          "private": "eyJlMmJmYjczMC1lY2FhLTExZTYtOGY4OC0zNDM2M2JjN2M0YzAiOnsiY3JlYXRlIjoxODAwMDAwMDAwMDAwLCJkZWxldGUiOjE4MDAwMDAwMDAwMDAsInJlYWQiOjMwMDAwMDAwMDAwMCwidXBkYXRlIjoxODAwMDAwMDAwMDAwfX0=",
          "dependencies": [
            "module.rg.azurerm_resource_group.rg",
            "module.vnet.azurerm_virtual_network.vnet"
          ]
        },
        {
          "index_key": "subnet3",
          "schema_version": 0,
          "attributes": {
            "address_prefixes": [
              "10.0.2.0/24"
            ],
            "default_outbound_access_enabled": true,
            "delegation": [],
            "id": "/subscriptions/ba256abb-cf64-41d5-99f2-6c1d2b097fa9/resourceGroups/rg1/providers/Microsoft.Network/virtualNetworks/vnet1/subnets/AzureBastionSubnet",
            "ip_address_pool": [],
            "name": "AzureBastionSubnet",
            "network_security_group_id": "",
            "network_security_group_id_wo": null,
            "network_security_group_id_wo_version": 0,
            "private_endpoint_network_policies": "Disabled",
            "private_link_service_network_policies_enabled": true,
            "resource_group_name": "rg1",
            "route_table_id": "",
            "route_table_id_wo": null,
            "route_table_id_wo_version": 0,
            "service_endpoint": [],
            "service_endpoint_policy_ids": [],
            "sharing_scope": "",
            "timeouts": null,
            "virtual_network_name": "vnet1"
          },
          "sensitive_attributes": [],
          "identity_schema_version": 0,
          "identity": {
            "name": "AzureBastionSubnet",
            "resource_group_name": "rg1",
            "subscription_id": "ba256abb-cf64-41d5-99f2-6c1d2b097fa9",
            "virtual_network_name": "vnet1"
          },
          "private": "eyJlMmJmYjczMC1lY2FhLTExZTYtOGY4OC0zNDM2M2JjN2M0YzAiOnsiY3JlYXRlIjoxODAwMDAwMDAwMDAwLCJkZWxldGUiOjE4MDAwMDAwMDAwMDAsInJlYWQiOjMwMDAwMDAwMDAwMCwidXBkYXRlIjoxODAwMDAwMDAwMDAwfX0=",
          "dependencies": [
            "module.rg.azurerm_resource_group.rg",
            "module.vnet.azurerm_virtual_network.vnet"
          ]
        }
      ]
    },
    {
      "module": "module.vms",
      "mode": "managed",
      "type": "azurerm_virtual_machine",
      "name": "vms",
      "provider": "provider[\"registry.terraform.io/hashicorp/azurerm\"]",
      "instances": [
        {
          "index_key": "vm1",
          "schema_version": 0,
          "attributes": {
            "additional_capabilities": [],
            "availability_set_id": null,
            "boot_diagnostics": [],
            "delete_data_disks_on_termination": false,
            "delete_os_disk_on_termination": false,
            "id": "/subscriptions/ba256abb-cf64-41d5-99f2-6c1d2b097fa9/resourceGroups/rg1/providers/Microsoft.Compute/virtualMachines/vm-front",
            "identity": [],
            "license_type": null,
            "location": "centralindia",
            "name": "vm-front",
            "network_interface_ids": [
              "/subscriptions/ba256abb-cf64-41d5-99f2-6c1d2b097fa9/resourceGroups/rg1/providers/Microsoft.Network/networkInterfaces/nic1"
            ],
            "os_profile": [
              {
                "admin_password": "",
                "admin_username": "adminuser",
                "computer_name": "vm-front",
                "custom_data": ""
              }
            ],
            "os_profile_linux_config": [
              {
                "disable_password_authentication": false,
                "ssh_keys": []
              }
            ],
            "os_profile_secrets": [],
            "os_profile_windows_config": [],
            "plan": [],
            "primary_network_interface_id": null,
            "proximity_placement_group_id": null,
            "resource_group_name": "rg1",
            "storage_data_disk": [],
            "storage_image_reference": [
              {
                "id": "",
                "offer": "UbuntuServer",
                "publisher": "Canonical",
                "sku": "16.04-LTS",
                "version": "latest"
              }
            ],
            "storage_os_disk": [
              {
                "caching": "ReadWrite",
                "create_option": "FromImage",
                "disk_size_gb": 30,
                "image_uri": "",
                "managed_disk_id": "/subscriptions/ba256abb-cf64-41d5-99f2-6c1d2b097fa9/resourceGroups/rg1/providers/Microsoft.Compute/disks/front-vm-disk",
                "managed_disk_type": "Standard_LRS",
                "name": "front-vm-disk",
                "os_type": "Linux",
                "vhd_uri": "",
                "write_accelerator_enabled": false
              }
            ],
            "tags": {
              "environment": "test"
            },
            "timeouts": null,
            "vm_size": "Standard_D2s_v3",
            "zones": null
          },
          "sensitive_attributes": [
            [
              {
                "type": "get_attr",
                "value": "os_profile"
              }
            ]
          ],
          "identity_schema_version": 0,
          "private": "eyJlMmJmYjczMC1lY2FhLTExZTYtOGY4OC0zNDM2M2JjN2M0YzAiOnsiY3JlYXRlIjozNjAwMDAwMDAwMDAwLCJkZWxldGUiOjM2MDAwMDAwMDAwMDAsInJlYWQiOjMwMDAwMDAwMDAwMCwidXBkYXRlIjozNjAwMDAwMDAwMDAwfX0=",
          "dependencies": [
            "module.nic.azurerm_network_interface.nic",
            "module.nic.data.azurerm_subnet.subntedata",
            "module.pip.azurerm_public_ip.pip",
            "module.rg.azurerm_resource_group.rg",
            "module.subnet.azurerm_subnet.subnet",
            "module.vnet.azurerm_virtual_network.vnet"
          ]
        },
        {
          "index_key": "vm2",
          "schema_version": 0,
          "attributes": {
            "additional_capabilities": [],
            "availability_set_id": null,
            "boot_diagnostics": [],
            "delete_data_disks_on_termination": false,
            "delete_os_disk_on_termination": false,
            "id": "/subscriptions/ba256abb-cf64-41d5-99f2-6c1d2b097fa9/resourceGroups/rg1/providers/Microsoft.Compute/virtualMachines/vm-back",
            "identity": [],
            "license_type": null,
            "location": "centralindia",
            "name": "vm-back",
            "network_interface_ids": [
              "/subscriptions/ba256abb-cf64-41d5-99f2-6c1d2b097fa9/resourceGroups/rg1/providers/Microsoft.Network/networkInterfaces/nic2"
            ],
            "os_profile": [
              {
                "admin_password": "",
                "admin_username": "adminuser",
                "computer_name": "vm-back",
                "custom_data": ""
              }
            ],
            "os_profile_linux_config": [
              {
                "disable_password_authentication": false,
                "ssh_keys": []
              }
            ],
            "os_profile_secrets": [],
            "os_profile_windows_config": [],
            "plan": [],
            "primary_network_interface_id": null,
            "proximity_placement_group_id": null,
            "resource_group_name": "rg1",
            "storage_data_disk": [],
            "storage_image_reference": [
              {
                "id": "",
                "offer": "UbuntuServer",
                "publisher": "Canonical",
                "sku": "16.04-LTS",
                "version": "latest"
              }
            ],
            "storage_os_disk": [
              {
                "caching": "ReadWrite",
                "create_option": "FromImage",
                "disk_size_gb": 30,
                "image_uri": "",
                "managed_disk_id": "/subscriptions/ba256abb-cf64-41d5-99f2-6c1d2b097fa9/resourceGroups/rg1/providers/Microsoft.Compute/disks/back-vm-disk",
                "managed_disk_type": "Standard_LRS",
                "name": "back-vm-disk",
                "os_type": "Linux",
                "vhd_uri": "",
                "write_accelerator_enabled": false
              }
            ],
            "tags": {
              "environment": "test"
            },
            "timeouts": null,
            "vm_size": "Standard_D2s_v3",
            "zones": null
          },
          "sensitive_attributes": [
            [
              {
                "type": "get_attr",
                "value": "os_profile"
              }
            ]
          ],
          "identity_schema_version": 0,
          "private": "eyJlMmJmYjczMC1lY2FhLTExZTYtOGY4OC0zNDM2M2JjN2M0YzAiOnsiY3JlYXRlIjozNjAwMDAwMDAwMDAwLCJkZWxldGUiOjM2MDAwMDAwMDAwMDAsInJlYWQiOjMwMDAwMDAwMDAwMCwidXBkYXRlIjozNjAwMDAwMDAwMDAwfX0=",
          "dependencies": [
            "module.nic.azurerm_network_interface.nic",
            "module.nic.data.azurerm_subnet.subntedata",
            "module.pip.azurerm_public_ip.pip",
            "module.rg.azurerm_resource_group.rg",
            "module.subnet.azurerm_subnet.subnet",
            "module.vnet.azurerm_virtual_network.vnet"
          ]
        }
      ]
    },
    {
      "module": "module.vnet",
      "mode": "managed",
      "type": "azurerm_virtual_network",
      "name": "vnet",
      "provider": "provider[\"registry.terraform.io/hashicorp/azurerm\"]",
      "instances": [
        {
          "index_key": "vnet1",
          "schema_version": 0,
          "attributes": {
            "address_space": [
              "10.0.0.0/16"
            ],
            "bgp_community": "",
            "ddos_protection_plan": [],
            "dns_servers": [],
            "edge_zone": "",
            "encryption": [],
            "flow_timeout_in_minutes": 0,
            "guid": "6f480a8f-48bb-49e2-926d-5a5f9432024a",
            "id": "/subscriptions/ba256abb-cf64-41d5-99f2-6c1d2b097fa9/resourceGroups/rg1/providers/Microsoft.Network/virtualNetworks/vnet1",
            "ip_address_pool": [],
            "location": "centralindia",
            "name": "vnet1",
            "private_endpoint_vnet_policies": "Disabled",
            "resource_group_name": "rg1",
            "subnet": [
              {
                "address_prefixes": [
                  "10.0.2.0/24"
                ],
                "default_outbound_access_enabled": true,
                "delegation": [],
                "id": "/subscriptions/ba256abb-cf64-41d5-99f2-6c1d2b097fa9/resourceGroups/rg1/providers/Microsoft.Network/virtualNetworks/vnet1/subnets/AzureBastionSubnet",
                "name": "AzureBastionSubnet",
                "private_endpoint_network_policies": "Disabled",
                "private_link_service_network_policies_enabled": true,
                "route_table_id": "",
                "security_group": "",
                "service_endpoint": [],
                "service_endpoint_policy_ids": []
              },
              {
                "address_prefixes": [
                  "10.0.3.0/24"
                ],
                "default_outbound_access_enabled": true,
                "delegation": [],
                "id": "/subscriptions/ba256abb-cf64-41d5-99f2-6c1d2b097fa9/resourceGroups/rg1/providers/Microsoft.Network/virtualNetworks/vnet1/subnets/subnet-front",
                "name": "subnet-front",
                "private_endpoint_network_policies": "Disabled",
                "private_link_service_network_policies_enabled": true,
                "route_table_id": "",
                "security_group": "",
                "service_endpoint": [],
                "service_endpoint_policy_ids": []
              },
              {
                "address_prefixes": [
                  "10.0.4.0/24"
                ],
                "default_outbound_access_enabled": true,
                "delegation": [],
                "id": "/subscriptions/ba256abb-cf64-41d5-99f2-6c1d2b097fa9/resourceGroups/rg1/providers/Microsoft.Network/virtualNetworks/vnet1/subnets/subnet-back",
                "name": "subnet-back",
                "private_endpoint_network_policies": "Disabled",
                "private_link_service_network_policies_enabled": true,
                "route_table_id": "",
                "security_group": "",
                "service_endpoint": [],
                "service_endpoint_policy_ids": []
              }
            ],
            "tags": {},
            "timeouts": null
          },
          "sensitive_attributes": [],
          "identity_schema_version": 0,
          "identity": {
            "name": "vnet1",
            "resource_group_name": "rg1",
            "subscription_id": "ba256abb-cf64-41d5-99f2-6c1d2b097fa9"
          },
          "private": "eyJlMmJmYjczMC1lY2FhLTExZTYtOGY4OC0zNDM2M2JjN2M0YzAiOnsiY3JlYXRlIjoxODAwMDAwMDAwMDAwLCJkZWxldGUiOjE4MDAwMDAwMDAwMDAsInJlYWQiOjMwMDAwMDAwMDAwMCwidXBkYXRlIjoxODAwMDAwMDAwMDAwfX0=",
          "dependencies": [
            "module.rg.azurerm_resource_group.rg"
          ]
        }
      ]
    }
  ],
  "check_results": null
}
